
Microsoft Visual Studio Solution File, Format Version 12.00
# Visual Studio Version 17
VisualStudioVersion = 17.6.33723.286
MinimumVisualStudioVersion = 10.0.40219.1
Project("{FAE04EC0-301F-11D3-BF4B-00C04F79EFBC}") = "dotnet7api", "dotnet7api\dotnet7api.csproj", "{1D8DE2D0-EBCE-4F45-BDB8-62E65FDFD100}"
EndProject
Global
	GlobalSection(SolutionConfigurationPlatforms) = preSolution
		Debug|Any CPU = Debug|Any CPU
		Release|Any CPU = Release|Any CPU
	EndGlobalSection
	GlobalSection(ProjectConfigurationPlatforms) = postSolution
		{1D8DE2D0-EBCE-4F45-BDB8-62E65FDFD100}.Debug|Any CPU.ActiveCfg = Debug|Any CPU
		{1D8DE2D0-EBCE-4F45-BDB8-62E65FDFD100}.Debug|Any CPU.Build.0 = Debug|Any CPU
		{1D8DE2D0-EBCE-4F45-BDB8-62E65FDFD100}.Release|Any CPU.ActiveCfg = Release|Any CPU
		{1D8DE2D0-EBCE-4F45-BDB8-62E65FDFD100}.Release|Any CPU.Build.0 = Release|Any CPU
	EndGlobalSection
	GlobalSection(SolutionProperties) = preSolution
		HideSolutionNode = FALSE
	EndGlobalSection
	GlobalSection(ExtensibilityGlobals) = postSolution
		SolutionGuid = {0F6958DC-F72A-4B9E-BC53-2721E30A2EE8}
	EndGlobalSection
EndGlobal
